
Microsoft Visual Studio Solution File, Format Version 12.00
# Visual Studio Version 17
VisualStudioVersion = 17.5.33103.201
MinimumVisualStudioVersion = 10.0.40219.1
Project("{2150E333-8FDC-42A3-9474-1A3956D46DE8}") = "Core", "Core", "{F84662FA-20E2-4EC2-BC03-515CC4C58776}"
EndProject
Project("{FAE04EC0-301F-11D3-BF4B-00C04F79EFBC}") = "CartService", "CartService\CartService.csproj", "{7FA4E1B6-BA9E-4C46-A7E9-564928393906}"
EndProject
Global
	GlobalSection(SolutionConfigurationPlatforms) = preSolution
		Debug|Any CPU = Debug|Any CPU
		Release|Any CPU = Release|Any CPU
	EndGlobalSection
	GlobalSection(ProjectConfigurationPlatforms) = postSolution
		{7FA4E1B6-BA9E-4C46-A7E9-564928393906}.Debug|Any CPU.ActiveCfg = Debug|Any CPU
		{7FA4E1B6-BA9E-4C46-A7E9-564928393906}.Debug|Any CPU.Build.0 = Debug|Any CPU
		{7FA4E1B6-BA9E-4C46-A7E9-564928393906}.Release|Any CPU.ActiveCfg = Release|Any CPU
		{7FA4E1B6-BA9E-4C46-A7E9-564928393906}.Release|Any CPU.Build.0 = Release|Any CPU
	EndGlobalSection
	GlobalSection(SolutionProperties) = preSolution
		HideSolutionNode = FALSE
	EndGlobalSection
	GlobalSection(NestedProjects) = preSolution
		{7FA4E1B6-BA9E-4C46-A7E9-564928393906} = {F84662FA-20E2-4EC2-BC03-515CC4C58776}
	EndGlobalSection
	GlobalSection(ExtensibilityGlobals) = postSolution
		SolutionGuid = {ED3D6A45-DC7E-46DE-A6CC-F6B7028B148A}
	EndGlobalSection
EndGlobal
